{
  "projects": [
    {
      "projectId": "58GpZjZCWTaJ8AUhpCwt2K",
      "version": "3.34.0",
      "dependencies": {},
      "lang": "ts",
      "fileLocks": [
        {
          "assetId": "58GpZjZCWTaJ8AUhpCwt2K",
          "type": "projectCss",
          "checksum": "d6a3b1c76c10d347b435bd78a56a821e"
        },
        {
          "assetId": "58GpZjZCWTaJ8AUhpCwt2K",
          "checksum": "ba5a227fa7f7d5c086cc9a3f0cebe732",
          "type": "projectModule"
        },
        {
          "assetId": "58GpZjZCWTaJ8AUhpCwt2K",
          "checksum": "99d0e572c66e6ee763338215e010207b",
          "type": "styleTokensProvider"
        }
      ],
      "codegenVersion": "0.0.2"
    },
    {
      "projectId": "7nJ7UcFmq9UzB6eXfC5z4a",
      "version": "0.37.0",
      "dependencies": {},
      "lang": "ts",
      "fileLocks": [
        {
          "assetId": "7nJ7UcFmq9UzB6eXfC5z4a",
          "type": "projectCss",
          "checksum": "20d5916eb5143297f22e98d05d487965"
        },
        {
          "assetId": "7nJ7UcFmq9UzB6eXfC5z4a",
          "checksum": "7163d6064a75eb61d5378e18a09f8af8",
          "type": "projectModule"
        },
        {
          "assetId": "7nJ7UcFmq9UzB6eXfC5z4a",
          "checksum": "f21aaa776619fbffc67947416283c0e3",
          "type": "styleTokensProvider"
        }
      ],
      "codegenVersion": "0.0.2"
    },
    {
      "projectId": "vS4xKY7bgwzMXr8EGWsxeA",
      "version": "latest",
      "dependencies": {
        "7nJ7UcFmq9UzB6eXfC5z4a": "0.37.0",
        "58GpZjZCWTaJ8AUhpCwt2K": "3.34.0"
      },
      "lang": "ts",
      "fileLocks": [
        {
          "type": "globalVariant",
          "assetId": "uXBsfQ0gLczI",
          "checksum": "4167a7bfa2d40482e9c07fce0be308f0"
        },
        {
          "assetId": "vS4xKY7bgwzMXr8EGWsxeA",
          "type": "projectCss",
          "checksum": "9d53125b2f823fa2b1efc5655899b1ed"
        },
        {
          "assetId": "vS4xKY7bgwzMXr8EGWsxeA",
          "checksum": "173e54a57a1c307799d3550379db1a6c",
          "type": "projectModule"
        },
        {
          "assetId": "vS4xKY7bgwzMXr8EGWsxeA",
          "checksum": "6cbee849c724cb8a75723db3776fe2a1",
          "type": "styleTokensProvider"
        },
        {
          "type": "renderModule",
          "assetId": "kKJC3Y_9YA8Q",
          "checksum": "28af72fa4432ea9561c4fe44031e68c8"
        },
        {
          "type": "cssRules",
          "assetId": "kKJC3Y_9YA8Q",
          "checksum": "28af72fa4432ea9561c4fe44031e68c8"
        },
        {
          "type": "renderModule",
          "assetId": "ysHwH2yPPmPQ",
          "checksum": "bfbb5c58dc28b9613e9b14a44d77a2e3"
        },
        {
          "type": "cssRules",
          "assetId": "ysHwH2yPPmPQ",
          "checksum": "bfbb5c58dc28b9613e9b14a44d77a2e3"
        },
        {
          "type": "renderModule",
          "assetId": "dahnzGN8Cznc",
          "checksum": "ee015e419ca7751b7603eb4fefc168b1"
        },
        {
          "type": "cssRules",
          "assetId": "dahnzGN8Cznc",
          "checksum": "ee015e419ca7751b7603eb4fefc168b1"
        },
        {
          "type": "renderModule",
          "assetId": "wEQ7U9mHw_A2",
          "checksum": "182a7d384a665731e863ee8c0a60a58d"
        },
        {
          "type": "cssRules",
          "assetId": "wEQ7U9mHw_A2",
          "checksum": "182a7d384a665731e863ee8c0a60a58d"
        },
        {
          "type": "renderModule",
          "assetId": "7eLKSE5rhMkL",
          "checksum": "44eef4774c92405c1b5b53e1b6cf8170"
        },
        {
          "type": "cssRules",
          "assetId": "7eLKSE5rhMkL",
          "checksum": "44eef4774c92405c1b5b53e1b6cf8170"
        },
        {
          "type": "renderModule",
          "assetId": "7lPdUjpgheqN",
          "checksum": "7b2f3fb6933ea8daba63b65c6b58f368"
        },
        {
          "type": "cssRules",
          "assetId": "7lPdUjpgheqN",
          "checksum": "7b2f3fb6933ea8daba63b65c6b58f368"
        },
        {
          "type": "renderModule",
          "assetId": "nfnMYla_g4K3",
          "checksum": "7eb28eafe5aea490280810140bf884ba"
        },
        {
          "type": "cssRules",
          "assetId": "nfnMYla_g4K3",
          "checksum": "7eb28eafe5aea490280810140bf884ba"
        },
        {
          "type": "renderModule",
          "assetId": "8YNJima_EDfl",
          "checksum": "6d2e25f30f6601aa88fd953d3c8149d3"
        },
        {
          "type": "cssRules",
          "assetId": "8YNJima_EDfl",
          "checksum": "6d2e25f30f6601aa88fd953d3c8149d3"
        },
        {
          "type": "renderModule",
          "assetId": "T9uQfzIEwvUy",
          "checksum": "9cb164d84eb907958c5c5cc28d37ddbd"
        },
        {
          "type": "cssRules",
          "assetId": "T9uQfzIEwvUy",
          "checksum": "9cb164d84eb907958c5c5cc28d37ddbd"
        },
        {
          "type": "renderModule",
          "assetId": "v3bHNptG_xFg",
          "checksum": "2e6234cd845b3b275e8c0e665cd1496f"
        },
        {
          "type": "cssRules",
          "assetId": "v3bHNptG_xFg",
          "checksum": "2e6234cd845b3b275e8c0e665cd1496f"
        },
        {
          "type": "icon",
          "assetId": "7iBmQseMe2_e",
          "checksum": "8e3a181509c2a527ca0328c2bee1b353"
        },
        {
          "type": "icon",
          "assetId": "ru-QUXqJG2W8",
          "checksum": "19b40064bb793c90083305fabdb897b3"
        },
        {
          "type": "icon",
          "assetId": "xbnunQuxqm3E",
          "checksum": "9bc1416fb59550c3a7958d4a0b08f4f1"
        },
        {
          "type": "icon",
          "assetId": "C4jEz8FIGP7m",
          "checksum": "afd611bdc34b5d6fb629f3aba0c1d5fc"
        },
        {
          "type": "icon",
          "assetId": "6gHtSlR8daWb",
          "checksum": "2f4d025955aaf63413088e0a741a01a6"
        },
        {
          "type": "icon",
          "assetId": "0K9FEZToBfPa",
          "checksum": "5bdc327a222bf130e28cfc80c2efc167"
        },
        {
          "type": "icon",
          "assetId": "Ze9kdy13e0D8",
          "checksum": "9ac4b602cf2db32c8532566a3c0f82bd"
        },
        {
          "type": "icon",
          "assetId": "rVwmrHIgF7pm",
          "checksum": "58f21e604105c0a75ecbbe43b3c2c3b5"
        },
        {
          "type": "icon",
          "assetId": "Zi5YP75NVw-m",
          "checksum": "472cfb6fb5b4cc62393146bd1624456a"
        },
        {
          "type": "icon",
          "assetId": "eLHC2JM-Sh7l",
          "checksum": "3e056a0b540faddf7e064a85e069aee4"
        },
        {
          "type": "image",
          "assetId": "V1BXVmAdB6W3",
          "checksum": "f5351d167e417252bf293c90d1f5c172"
        },
        {
          "type": "image",
          "assetId": "c9R5lIoLoEi6",
          "checksum": "ec1d66f900761d87f4937475b5b4de12"
        },
        {
          "type": "image",
          "assetId": "MGiPdoiMbF8i",
          "checksum": "6e57e7aa5589cc82a0bfd1a14e49651f"
        },
        {
          "type": "image",
          "assetId": "MbyofKTg6P3P",
          "checksum": "ad7caa83fe74cd02f5dc3ebe5cdf8b41"
        },
        {
          "type": "image",
          "assetId": "UGXl2hRc4TTE",
          "checksum": "6f3513e12b69a1fb1e7b5a9ba004fb08"
        },
        {
          "type": "image",
          "assetId": "H4W9E47EjHhy",
          "checksum": "316055508d508383301439ea42a61213"
        },
        {
          "type": "image",
          "assetId": "31rg1SzhhJ6k",
          "checksum": "f348eaf3756e62ec0f5f7e4d08f370a4"
        },
        {
          "type": "image",
          "assetId": "E23jD_PCzQGn",
          "checksum": "6970499ddb73a627c7146b029ccc5f4c"
        },
        {
          "type": "image",
          "assetId": "11d-S0Sww-3h",
          "checksum": "2e024cc1c7d3fe361eba4c7730edab87"
        },
        {
          "type": "image",
          "assetId": "_w35-kbiSeg9",
          "checksum": "b92cddd86b67ad4694f22dc6c5a77f39"
        },
        {
          "type": "image",
          "assetId": "y3J2CKglVRbm",
          "checksum": "9e4a82a4ad409f13d743c896784756bc"
        },
        {
          "type": "image",
          "assetId": "dzZjCxtgkc2M",
          "checksum": "cb518e9eea3208aa4bed04e74dacd8f5"
        },
        {
          "type": "image",
          "assetId": "-I-OFMz7GUrA",
          "checksum": "f624cedc91ed3e4c3b1394fe8e01884b"
        },
        {
          "type": "image",
          "assetId": "mApvDBqt1FrM",
          "checksum": "d03afd900976cd6b055749064a44627f"
        },
        {
          "type": "image",
          "assetId": "7yFzc0v9Yjhz",
          "checksum": "7b4ebbf4722729004ca5c25a961c5426"
        },
        {
          "type": "image",
          "assetId": "cguoeCHlrAxX",
          "checksum": "caca335a7c95a02424168ab610a639dd"
        },
        {
          "type": "image",
          "assetId": "-ehsXqIiAO77",
          "checksum": "745826159996d224e0cb837db381558b"
        },
        {
          "type": "image",
          "assetId": "jlhKJ3jnMAsu",
          "checksum": "06f246aba4696b95f4a746e5e79bdb41"
        },
        {
          "type": "image",
          "assetId": "1GEczzsSAV-t",
          "checksum": "1f768823adab2b8281629eed2fc0cfe8"
        },
        {
          "type": "image",
          "assetId": "JARZTIjmSsvZ",
          "checksum": "6e9b988ef81b431c894529ae44e0290c"
        },
        {
          "type": "image",
          "assetId": "DnOXLM1pIn_l",
          "checksum": "878b92b39854a753e0f14b2ef067faf8"
        },
        {
          "type": "image",
          "assetId": "g_0QdwNY-Ij_",
          "checksum": "48f73c605a2c9eec8b83190258abe968"
        },
        {
          "type": "image",
          "assetId": "bbPXEkzF8Hir",
          "checksum": "97f06a1b00a3e1ceb59234d7dc92946a"
        },
        {
          "type": "image",
          "assetId": "OR1Aw-XhQFmZ",
          "checksum": "8845e1659d13797450aa606aba6a6c7d"
        },
        {
          "type": "image",
          "assetId": "BYzVbqvw_pAx",
          "checksum": "6ae6d85f4fca7111ce99dd9f8e47b8d3"
        },
        {
          "type": "image",
          "assetId": "IRYieCr8MC6s",
          "checksum": "04da1580e368cf43125aa6e3688f1341"
        },
        {
          "type": "image",
          "assetId": "VqoaSqH1YLs5",
          "checksum": "da6889d99db1152ed79e54d6437e92f6"
        },
        {
          "type": "image",
          "assetId": "5QccPV698ZIm",
          "checksum": "3412ca4e460ce74e7f5964c750b37379"
        },
        {
          "type": "image",
          "assetId": "ZsstHUq79NPT",
          "checksum": "88ffa81490bf9af1c584cbb727e5800b"
        },
        {
          "type": "image",
          "assetId": "q6J43K0cyBZM",
          "checksum": "bc7e28a2d16db3846384d33d1905ce12"
        },
        {
          "type": "image",
          "assetId": "Dt8o7apQ4tqi",
          "checksum": "c9cf4d7bf45c9b9b3aa3ecf774af78ce"
        },
        {
          "type": "image",
          "assetId": "9ue9RSM0A0tu",
          "checksum": "b038e3c068f1cfbcc3f9f1729ad4b766"
        },
        {
          "type": "image",
          "assetId": "EePldnHMkPvp",
          "checksum": "f0b04d3c357ec74fd7f202cb82207257"
        },
        {
          "type": "image",
          "assetId": "3U4u_xa4N7Y2",
          "checksum": "fe326ec587da0c94b69c75982e07cd1a"
        },
        {
          "type": "image",
          "assetId": "fWyU5wqxEpol",
          "checksum": "824bbbc71e5727aec98cd94740471af0"
        },
        {
          "type": "image",
          "assetId": "a4DOiwmun0ON",
          "checksum": "20c71aa702c619e39cda89464839bccc"
        },
        {
          "type": "image",
          "assetId": "8sZjYTZvuQFu",
          "checksum": "d3b143ea3a2bb36b650070053548f4c7"
        },
        {
          "type": "image",
          "assetId": "fkgxQMXI-X6t",
          "checksum": "bc817b0404c75d03ed85361161b8d6b1"
        },
        {
          "type": "image",
          "assetId": "PjBwb8cR5iJf",
          "checksum": "de1c7ff9833290126b27994438646a5e"
        },
        {
          "type": "image",
          "assetId": "zucP5jhcQV91",
          "checksum": "2eb9e6d4cc3f38b41315dc1beaf662e0"
        },
        {
          "type": "image",
          "assetId": "MnbBK_WWTwDn",
          "checksum": "cee9e1df7300400399e9261250d5642b"
        },
        {
          "type": "image",
          "assetId": "VuILMfkSEi5j",
          "checksum": "328f8aa9b7c93e6523112ba47ac12a10"
        },
        {
          "type": "image",
          "assetId": "OJjQn5AliLCe",
          "checksum": "784dc770624948a8c1508c7cb9ffff91"
        },
        {
          "type": "image",
          "assetId": "iSkIQS8-JkCs",
          "checksum": "3649e899e19234c259d787f5345f8ab3"
        }
      ],
      "codegenVersion": "0.0.2"
    }
  ],
  "cliVersion": "0.1.345"
}
